// !$*UTF8*$!
{
	archiveVersion = 1;
	classes = {
	};
	objectVersion = 46;
	objects = {

/* Begin PBXBuildFile section */
		AF7115BD193FF68A00DC97E8 /* AppDelegate.swift in Sources */ = {isa = PBXBuildFile; fileRef = AF7115BC193FF68A00DC97E8 /* AppDelegate.swift */; };
		AF7115BF193FF68A00DC97E8 /* GameScene.sks in Resources */ = {isa = PBXBuildFile; fileRef = AF7115BE193FF68A00DC97E8 /* GameScene.sks */; };
		AF7115C1193FF68A00DC97E8 /* GameScene.swift in Sources */ = {isa = PBXBuildFile; fileRef = AF7115C0193FF68A00DC97E8 /* GameScene.swift */; };
		AF7115C3193FF68A00DC97E8 /* GameViewController.swift in Sources */ = {isa = PBXBuildFile; fileRef = AF7115C2193FF68A00DC97E8 /* GameViewController.swift */; };
		AF7115C6193FF68A00DC97E8 /* Main.storyboard in Resources */ = {isa = PBXBuildFile; fileRef = AF7115C4193FF68A00DC97E8 /* Main.storyboard */; };
		AF7115C8193FF68A00DC97E8 /* Images.xcassets in Resources */ = {isa = PBXBuildFile; fileRef = AF7115C7193FF68A00DC97E8 /* Images.xcassets */; };
		AF7115D4193FF68A00DC97E8 /* SuperOsvaldoTests.swift in Sources */ = {isa = PBXBuildFile; fileRef = AF7115D3193FF68A00DC97E8 /* SuperOsvaldoTests.swift */; };
/* End PBXBuildFile section */

/* Begin PBXContainerItemProxy section */
		AF7115CE193FF68A00DC97E8 /* PBXContainerItemProxy */ = {
			isa = PBXContainerItemProxy;
			containerPortal = AF7115AF193FF68A00DC97E8 /* Project object */;
			proxyType = 1;
			remoteGlobalIDString = AF7115B6193FF68A00DC97E8;
			remoteInfo = SuperOsvaldo;
		};
/* End PBXContainerItemProxy section */

/* Begin PBXFileReference section */
		AF7115B7193FF68A00DC97E8 /* SuperOsvaldo.app */ = {isa = PBXFileReference; explicitFileType = wrapper.application; includeInIndex = 0; path = SuperOsvaldo.app; sourceTree = BUILT_PRODUCTS_DIR; };
		AF7115BB193FF68A00DC97E8 /* Info.plist */ = {isa = PBXFileReference; lastKnownFileType = text.plist.xml; path = Info.plist; sourceTree = "<group>"; };
		AF7115BC193FF68A00DC97E8 /* AppDelegate.swift */ = {isa = PBXFileReference; lastKnownFileType = sourcecode.swift; path = AppDelegate.swift; sourceTree = "<group>"; };
		AF7115BE193FF68A00DC97E8 /* GameScene.sks */ = {isa = PBXFileReference; lastKnownFileType = file.sks; path = GameScene.sks; sourceTree = "<group>"; };
		AF7115C0193FF68A00DC97E8 /* GameScene.swift */ = {isa = PBXFileReference; lastKnownFileType = sourcecode.swift; path = GameScene.swift; sourceTree = "<group>"; };
		AF7115C2193FF68A00DC97E8 /* GameViewController.swift */ = {isa = PBXFileReference; lastKnownFileType = sourcecode.swift; path = GameViewController.swift; sourceTree = "<group>"; };
		AF7115C5193FF68A00DC97E8 /* Base */ = {isa = PBXFileReference; lastKnownFileType = file.storyboard; name = Base; path = Base.lproj/Main.storyboard; sourceTree = "<group>"; };
		AF7115C7193FF68A00DC97E8 /* Images.xcassets */ = {isa = PBXFileReference; lastKnownFileType = folder.assetcatalog; path = Images.xcassets; sourceTree = "<group>"; };
		AF7115CD193FF68A00DC97E8 /* SuperOsvaldoTests.xctest */ = {isa = PBXFileReference; explicitFileType = wrapper.cfbundle; includeInIndex = 0; path = SuperOsvaldoTests.xctest; sourceTree = BUILT_PRODUCTS_DIR; };
		AF7115D2193FF68A00DC97E8 /* Info.plist */ = {isa = PBXFileReference; lastKnownFileType = text.plist.xml; path = Info.plist; sourceTree = "<group>"; };
		AF7115D3193FF68A00DC97E8 /* SuperOsvaldoTests.swift */ = {isa = PBXFileReference; lastKnownFileType = sourcecode.swift; path = SuperOsvaldoTests.swift; sourceTree = "<group>"; };
/* End PBXFileReference section */

/* Begin PBXFrameworksBuildPhase section */
		AF7115B4193FF68A00DC97E8 /* Frameworks */ = {
			isa = PBXFrameworksBuildPhase;
			buildActionMask = 2147483647;
			files = (
			);
			runOnlyForDeploymentPostprocessing = 0;
		};
		AF7115CA193FF68A00DC97E8 /* Frameworks */ = {
			isa = PBXFrameworksBuildPhase;
			buildActionMask = 2147483647;
			files = (
			);
			runOnlyForDeploymentPostprocessing = 0;
		};
/* End PBXFrameworksBuildPhase section */

/* Begin PBXGroup section */
		AF7115AE193FF68A00DC97E8 = {
			isa = PBXGroup;
			children = (
				AF7115B9193FF68A00DC97E8 /* SuperOsvaldo */,
				AF7115D0193FF68A00DC97E8 /* SuperOsvaldoTests */,
				AF7115B8193FF68A00DC97E8 /* Products */,
			);
			sourceTree = "<group>";
		};
		AF7115B8193FF68A00DC97E8 /* Products */ = {
			isa = PBXGroup;
			children = (
				AF7115B7193FF68A00DC97E8 /* SuperOsvaldo.app */,
				AF7115CD193FF68A00DC97E8 /* SuperOsvaldoTests.xctest */,
			);
			name = Products;
			sourceTree = "<group>";
		};
		AF7115B9193FF68A00DC97E8 /* SuperOsvaldo */ = {
			isa = PBXGroup;
			children = (
				AF7115BC193FF68A00DC97E8 /* AppDelegate.swift */,
				AF7115BE193FF68A00DC97E8 /* GameScene.sks */,
				AF7115C0193FF68A00DC97E8 /* GameScene.swift */,
				AF7115C2193FF68A00DC97E8 /* GameViewController.swift */,
				AF7115C4193FF68A00DC97E8 /* Main.storyboard */,
				AF7115C7193FF68A00DC97E8 /* Images.xcassets */,
				AF7115BA193FF68A00DC97E8 /* Supporting Files */,
			);
			path = SuperOsvaldo;
			sourceTree = "<group>";
		};
		AF7115BA193FF68A00DC97E8 /* Supporting Files */ = {
			isa = PBXGroup;
			children = (
				AF7115BB193FF68A00DC97E8 /* Info.plist */,
			);
			name = "Supporting Files";
			sourceTree = "<group>";
		};
		AF7115D0193FF68A00DC97E8 /* SuperOsvaldoTests */ = {
			isa = PBXGroup;
			children = (
				AF7115D3193FF68A00DC97E8 /* SuperOsvaldoTests.swift */,
				AF7115D1193FF68A00DC97E8 /* Supporting Files */,
			);
			path = SuperOsvaldoTests;
			sourceTree = "<group>";
		};
		AF7115D1193FF68A00DC97E8 /* Supporting Files */ = {
			isa = PBXGroup;
			children = (
				AF7115D2193FF68A00DC97E8 /* Info.plist */,
			);
			name = "Supporting Files";
			sourceTree = "<group>";
		};
/* End PBXGroup section */

/* Begin PBXNativeTarget section */
		AF7115B6193FF68A00DC97E8 /* SuperOsvaldo */ = {
			isa = PBXNativeTarget;
			buildConfigurationList = AF7115D7193FF68A00DC97E8 /* Build configuration list for PBXNativeTarget "SuperOsvaldo" */;
			buildPhases = (
				AF7115B3193FF68A00DC97E8 /* Sources */,
				AF7115B4193FF68A00DC97E8 /* Frameworks */,
				AF7115B5193FF68A00DC97E8 /* Resources */,
			);
			buildRules = (
			);
			dependencies = (
			);
			name = SuperOsvaldo;
			productName = SuperOsvaldo;
			productReference = AF7115B7193FF68A00DC97E8 /* SuperOsvaldo.app */;
			productType = "com.apple.product-type.application";
		};
		AF7115CC193FF68A00DC97E8 /* SuperOsvaldoTests */ = {
			isa = PBXNativeTarget;
			buildConfigurationList = AF7115DA193FF68A00DC97E8 /* Build configuration list for PBXNativeTarget "SuperOsvaldoTests" */;
			buildPhases = (
				AF7115C9193FF68A00DC97E8 /* Sources */,
				AF7115CA193FF68A00DC97E8 /* Frameworks */,
				AF7115CB193FF68A00DC97E8 /* Resources */,
			);
			buildRules = (
			);
			dependencies = (
				AF7115CF193FF68A00DC97E8 /* PBXTargetDependency */,
			);
			name = SuperOsvaldoTests;
			productName = SuperOsvaldoTests;
			productReference = AF7115CD193FF68A00DC97E8 /* SuperOsvaldoTests.xctest */;
			productType = "com.apple.product-type.bundle.unit-test";
		};
/* End PBXNativeTarget section */

/* Begin PBXProject section */
		AF7115AF193FF68A00DC97E8 /* Project object */ = {
			isa = PBXProject;
			attributes = {
				LastUpgradeCheck = 0600;
				ORGANIZATIONNAME = "Thiago Pontes";
				TargetAttributes = {
					AF7115B6193FF68A00DC97E8 = {
						CreatedOnToolsVersion = 6.0;
					};
					AF7115CC193FF68A00DC97E8 = {
						CreatedOnToolsVersion = 6.0;
						TestTargetID = AF7115B6193FF68A00DC97E8;
					};
				};
			};
			buildConfigurationList = AF7115B2193FF68A00DC97E8 /* Build configuration list for PBXProject "SuperOsvaldo" */;
			compatibilityVersion = "Xcode 3.2";
			developmentRegion = English;
			hasScannedForEncodings = 0;
			knownRegions = (
				en,
				Base,
			);
			mainGroup = AF7115AE193FF68A00DC97E8;
			productRefGroup = AF7115B8193FF68A00DC97E8 /* Products */;
			projectDirPath = "";
			projectRoot = "";
			targets = (
				AF7115B6193FF68A00DC97E8 /* SuperOsvaldo */,
				AF7115CC193FF68A00DC97E8 /* SuperOsvaldoTests */,
			);
		};
/* End PBXProject section */

/* Begin PBXResourcesBuildPhase section */
		AF7115B5193FF68A00DC97E8 /* Resources */ = {
			isa = PBXResourcesBuildPhase;
			buildActionMask = 2147483647;
			files = (
				AF7115C8193FF68A00DC97E8 /* Images.xcassets in Resources */,
				AF7115BF193FF68A00DC97E8 /* GameScene.sks in Resources */,
				AF7115C6193FF68A00DC97E8 /* Main.storyboard in Resources */,
			);
			runOnlyForDeploymentPostprocessing = 0;
		};
		AF7115CB193FF68A00DC97E8 /* Resources */ = {
			isa = PBXResourcesBuildPhase;
			buildActionMask = 2147483647;
			files = (
			);
			runOnlyForDeploymentPostprocessing = 0;
		};
/* End PBXResourcesBuildPhase section */

/* Begin PBXSourcesBuildPhase section */
		AF7115B3193FF68A00DC97E8 /* Sources */ = {
			isa = PBXSourcesBuildPhase;
			buildActionMask = 2147483647;
			files = (
				AF7115C1193FF68A00DC97E8 /* GameScene.swift in Sources */,
				AF7115C3193FF68A00DC97E8 /* GameViewController.swift in Sources */,
				AF7115BD193FF68A00DC97E8 /* AppDelegate.swift in Sources */,
			);
			runOnlyForDeploymentPostprocessing = 0;
		};
		AF7115C9193FF68A00DC97E8 /* Sources */ = {
			isa = PBXSourcesBuildPhase;
			buildActionMask = 2147483647;
			files = (
				AF7115D4193FF68A00DC97E8 /* SuperOsvaldoTests.swift in Sources */,
			);
			runOnlyForDeploymentPostprocessing = 0;
		};
/* End PBXSourcesBuildPhase section */

/* Begin PBXTargetDependency section */
		AF7115CF193FF68A00DC97E8 /* PBXTargetDependency */ = {
			isa = PBXTargetDependency;
			target = AF7115B6193FF68A00DC97E8 /* SuperOsvaldo */;
			targetProxy = AF7115CE193FF68A00DC97E8 /* PBXContainerItemProxy */;
		};
/* End PBXTargetDependency section */

/* Begin PBXVariantGroup section */
		AF7115C4193FF68A00DC97E8 /* Main.storyboard */ = {
			isa = PBXVariantGroup;
			children = (
				AF7115C5193FF68A00DC97E8 /* Base */,
			);
			name = Main.storyboard;
			sourceTree = "<group>";
		};
/* End PBXVariantGroup section */

/* Begin XCBuildConfiguration section */
		AF7115D5193FF68A00DC97E8 /* Debug */ = {
			isa = XCBuildConfiguration;
			buildSettings = {
				ALWAYS_SEARCH_USER_PATHS = NO;
				CLANG_CXX_LANGUAGE_STANDARD = "gnu++0x";
				CLANG_CXX_LIBRARY = "libc++";
				CLANG_ENABLE_MODULES = YES;
				CLANG_ENABLE_OBJC_ARC = YES;
				CLANG_WARN_BOOL_CONVERSION = YES;
				CLANG_WARN_CONSTANT_CONVERSION = YES;
				CLANG_WARN_DIRECT_OBJC_ISA_USAGE = YES_ERROR;
				CLANG_WARN_EMPTY_BODY = YES;
				CLANG_WARN_ENUM_CONVERSION = YES;
				CLANG_WARN_INT_CONVERSION = YES;
				CLANG_WARN_OBJC_ROOT_CLASS = YES_ERROR;
				CLANG_WARN_UNREACHABLE_CODE = YES;
				CLANG_WARN__DUPLICATE_METHOD_MATCH = YES;
				"CODE_SIGN_IDENTITY[sdk=iphoneos*]" = "iPhone Developer";
				COPY_PHASE_STRIP = NO;
				ENABLE_STRICT_OBJC_MSGSEND = YES;
				GCC_C_LANGUAGE_STANDARD = gnu99;
				GCC_DYNAMIC_NO_PIC = NO;
				GCC_OPTIMIZATION_LEVEL = 0;
				GCC_PREPROCESSOR_DEFINITIONS = (
					"DEBUG=1",
					"$(inherited)",
				);
				GCC_SYMBOLS_PRIVATE_EXTERN = NO;
				GCC_WARN_64_TO_32_BIT_CONVERSION = YES;
				GCC_WARN_ABOUT_RETURN_TYPE = YES_ERROR;
				GCC_WARN_UNDECLARED_SELECTOR = YES;
				GCC_WARN_UNINITIALIZED_AUTOS = YES_AGGRESSIVE;
				GCC_WARN_UNUSED_FUNCTION = YES;
				GCC_WARN_UNUSED_VARIABLE = YES;
				IPHONEOS_DEPLOYMENT_TARGET = 8.0;
				METAL_ENABLE_DEBUG_INFO = YES;
				ONLY_ACTIVE_ARCH = YES;
				SDKROOT = iphoneos;
				SWIFT_OPTIMIZATION_LEVEL = "-Onone";
				TARGETED_DEVICE_FAMILY = "1,2";
			};
			name = Debug;
		};
		AF7115D6193FF68A00DC97E8 /* Release */ = {
			isa = XCBuildConfiguration;
			buildSettings = {
				ALWAYS_SEARCH_USER_PATHS = NO;
				CLANG_CXX_LANGUAGE_STANDARD = "gnu++0x";
				CLANG_CXX_LIBRARY = "libc++";
				CLANG_ENABLE_MODULES = YES;
				CLANG_ENABLE_OBJC_ARC = YES;
				CLANG_WARN_BOOL_CONVERSION = YES;
				CLANG_WARN_CONSTANT_CONVERSION = YES;
				CLANG_WARN_DIRECT_OBJC_ISA_USAGE = YES_ERROR;
				CLANG_WARN_EMPTY_BODY = YES;
				CLANG_WARN_ENUM_CONVERSION = YES;
				CLANG_WARN_INT_CONVERSION = YES;
				CLANG_WARN_OBJC_ROOT_CLASS = YES_ERROR;
				CLANG_WARN_UNREACHABLE_CODE = YES;
				CLANG_WARN__DUPLICATE_METHOD_MATCH = YES;
				"CODE_SIGN_IDENTITY[sdk=iphoneos*]" = "iPhone Developer";
				COPY_PHASE_STRIP = YES;
				ENABLE_NS_ASSERTIONS = NO;
				ENABLE_STRICT_OBJC_MSGSEND = YES;
				GCC_C_LANGUAGE_STANDARD = gnu99;
				GCC_WARN_64_TO_32_BIT_CONVERSION = YES;
				GCC_WARN_ABOUT_RETURN_TYPE = YES_ERROR;
				GCC_WARN_UNDECLARED_SELECTOR = YES;
				GCC_WARN_UNINITIALIZED_AUTOS = YES_AGGRESSIVE;
				GCC_WARN_UNUSED_FUNCTION = YES;
				GCC_WARN_UNUSED_VARIABLE = YES;
				IPHONEOS_DEPLOYMENT_TARGET = 8.0;
				METAL_ENABLE_DEBUG_INFO = NO;
				SDKROOT = iphoneos;
				TARGETED_DEVICE_FAMILY = "1,2";
				VALIDATE_PRODUCT = YES;
			};
			name = Release;
		};
		AF7115D8193FF68A00DC97E8 /* Debug */ = {
			isa = XCBuildConfiguration;
			buildSettings = {
				ASSETCATALOG_COMPILER_APPICON_NAME = AppIcon;
				ASSETCATALOG_COMPILER_LAUNCHIMAGE_NAME = LaunchImage;
				INFOPLIST_FILE = SuperOsvaldo/Info.plist;
				LD_RUNPATH_SEARCH_PATHS = "$(inherited) @executable_path/Frameworks";
				PRODUCT_NAME = "$(TARGET_NAME)";
			};
			name = Debug;
		};
		AF7115D9193FF68A00DC97E8 /* Release */ = {
			isa = XCBuildConfiguration;
			buildSettings = {
				ASSETCATALOG_COMPILER_APPICON_NAME = AppIcon;
				ASSETCATALOG_COMPILER_LAUNCHIMAGE_NAME = LaunchImage;
				INFOPLIST_FILE = SuperOsvaldo/Info.plist;
				LD_RUNPATH_SEARCH_PATHS = "$(inherited) @executable_path/Frameworks";
				PRODUCT_NAME = "$(TARGET_NAME)";
			};
			name = Release;
		};
		AF7115DB193FF68A00DC97E8 /* Debug */ = {
			isa = XCBuildConfiguration;
			buildSettings = {
				BUNDLE_LOADER = "$(BUILT_PRODUCTS_DIR)/SuperOsvaldo.app/SuperOsvaldo";
				FRAMEWORK_SEARCH_PATHS = (
					"$(SDKROOT)/Developer/Library/Frameworks",
					"$(inherited)",
				);
				GCC_PREPROCESSOR_DEFINITIONS = (
					"DEBUG=1",
					"$(inherited)",
				);
				INFOPLIST_FILE = SuperOsvaldoTests/Info.plist;
				LD_RUNPATH_SEARCH_PATHS = "$(inherited) @executable_path/Frameworks @loader_path/Frameworks";
				METAL_ENABLE_DEBUG_INFO = YES;
				PRODUCT_NAME = "$(TARGET_NAME)";
				TEST_HOST = "$(BUNDLE_LOADER)";
			};
			name = Debug;
		};
		AF7115DC193FF68A00DC97E8 /* Release */ = {
			isa = XCBuildConfiguration;
			buildSettings = {
				BUNDLE_LOADER = "$(BUILT_PRODUCTS_DIR)/SuperOsvaldo.app/SuperOsvaldo";
				FRAMEWORK_SEARCH_PATHS = (
					"$(SDKROOT)/Developer/Library/Frameworks",
					"$(inherited)",
				);
				INFOPLIST_FILE = SuperOsvaldoTests/Info.plist;
				LD_RUNPATH_SEARCH_PATHS = "$(inherited) @executable_path/Frameworks @loader_path/Frameworks";
				METAL_ENABLE_DEBUG_INFO = NO;
				PRODUCT_NAME = "$(TARGET_NAME)";
				TEST_HOST = "$(BUNDLE_LOADER)";
			};
			name = Release;
		};
/* End XCBuildConfiguration section */

/* Begin XCConfigurationList section */
		AF7115B2193FF68A00DC97E8 /* Build configuration list for PBXProject "SuperOsvaldo" */ = {
			isa = XCConfigurationList;
			buildConfigurations = (
				AF7115D5193FF68A00DC97E8 /* Debug */,
				AF7115D6193FF68A00DC97E8 /* Release */,
			);
			defaultConfigurationIsVisible = 0;
			defaultConfigurationName = Release;
		};
		AF7115D7193FF68A00DC97E8 /* Build configuration list for PBXNativeTarget "SuperOsvaldo" */ = {
			isa = XCConfigurationList;
			buildConfigurations = (
				AF7115D8193FF68A00DC97E8 /* Debug */,
				AF7115D9193FF68A00DC97E8 /* Release */,
			);
			defaultConfigurationIsVisible = 0;
		};
		AF7115DA193FF68A00DC97E8 /* Build configuration list for PBXNativeTarget "SuperOsvaldoTests" */ = {
			isa = XCConfigurationList;
			buildConfigurations = (
				AF7115DB193FF68A00DC97E8 /* Debug */,
				AF7115DC193FF68A00DC97E8 /* Release */,
			);
			defaultConfigurationIsVisible = 0;
		};
/* End XCConfigurationList section */
	};
	rootObject = AF7115AF193FF68A00DC97E8 /* Project object */;
}
